
Microsoft Visual Studio Solution File, Format Version 12.00
# Visual Studio Version 16
VisualStudioVersion = 16.0.30804.86
MinimumVisualStudioVersion = 10.0.40219.1
Project("{FAE04EC0-301F-11D3-BF4B-00C04F79EFBC}") = "ColorManager", "ColorManager\ColorManager.csproj", "{8CD2A5D2-C335-48A5-972D-BF08E69E60DA}"
EndProject
Global
	GlobalSection(SolutionConfigurationPlatforms) = preSolution
		Debug|Any CPU = Debug|Any CPU
		Release|Any CPU = Release|Any CPU
	EndGlobalSection
	GlobalSection(ProjectConfigurationPlatforms) = postSolution
		{8CD2A5D2-C335-48A5-972D-BF08E69E60DA}.Debug|Any CPU.ActiveCfg = Debug|Any CPU
		{8CD2A5D2-C335-48A5-972D-BF08E69E60DA}.Debug|Any CPU.Build.0 = Debug|Any CPU
		{8CD2A5D2-C335-48A5-972D-BF08E69E60DA}.Release|Any CPU.ActiveCfg = Release|Any CPU
		{8CD2A5D2-C335-48A5-972D-BF08E69E60DA}.Release|Any CPU.Build.0 = Release|Any CPU
	EndGlobalSection
	GlobalSection(SolutionProperties) = preSolution
		HideSolutionNode = FALSE
	EndGlobalSection
	GlobalSection(ExtensibilityGlobals) = postSolution
		SolutionGuid = {37776BC8-AB4F-4F9F-B731-93E17AE40818}
	EndGlobalSection
EndGlobal
